// !$*UTF8*$!
{
	archiveVersion = 1;
	classes = {
	};
	objectVersion = 56;
	objects = {

/* Begin PBXBuildFile section */
		744B08252C56DE16006B9993 /* passcodeApp.swift in Sources */ = {isa = PBXBuildFile; fileRef = 744B08242C56DE16006B9993 /* passcodeApp.swift */; };
		744B08272C56DE16006B9993 /* ContentView.swift in Sources */ = {isa = PBXBuildFile; fileRef = 744B08262C56DE16006B9993 /* ContentView.swift */; };
		744B08292C56DE17006B9993 /* Assets.xcassets in Resources */ = {isa = PBXBuildFile; fileRef = 744B08282C56DE17006B9993 /* Assets.xcassets */; };
		744B082C2C56DE17006B9993 /* Preview Assets.xcassets in Resources */ = {isa = PBXBuildFile; fileRef = 744B082B2C56DE17006B9993 /* Preview Assets.xcassets */; };
		744B08362C56DE17006B9993 /* passcodeTests.swift in Sources */ = {isa = PBXBuildFile; fileRef = 744B08352C56DE17006B9993 /* passcodeTests.swift */; };
		744B08402C56DE17006B9993 /* passcodeUITests.swift in Sources */ = {isa = PBXBuildFile; fileRef = 744B083F2C56DE17006B9993 /* passcodeUITests.swift */; };
		744B08422C56DE17006B9993 /* passcodeUITestsLaunchTests.swift in Sources */ = {isa = PBXBuildFile; fileRef = 744B08412C56DE17006B9993 /* passcodeUITestsLaunchTests.swift */; };
/* End PBXBuildFile section */

/* Begin PBXContainerItemProxy section */
		744B08322C56DE17006B9993 /* PBXContainerItemProxy */ = {
			isa = PBXContainerItemProxy;
			containerPortal = 744B08192C56DE16006B9993 /* Project object */;
			proxyType = 1;
			remoteGlobalIDString = 744B08202C56DE16006B9993;
			remoteInfo = passcode;
		};
		744B083C2C56DE17006B9993 /* PBXContainerItemProxy */ = {
			isa = PBXContainerItemProxy;
			containerPortal = 744B08192C56DE16006B9993 /* Project object */;
			proxyType = 1;
			remoteGlobalIDString = 744B08202C56DE16006B9993;
			remoteInfo = passcode;
		};
/* End PBXContainerItemProxy section */

/* Begin PBXFileReference section */
		744B08212C56DE16006B9993 /* passcode.app */ = {isa = PBXFileReference; explicitFileType = wrapper.application; includeInIndex = 0; path = passcode.app; sourceTree = BUILT_PRODUCTS_DIR; };
		744B08242C56DE16006B9993 /* passcodeApp.swift */ = {isa = PBXFileReference; lastKnownFileType = sourcecode.swift; path = passcodeApp.swift; sourceTree = "<group>"; };
		744B08262C56DE16006B9993 /* ContentView.swift */ = {isa = PBXFileReference; lastKnownFileType = sourcecode.swift; path = ContentView.swift; sourceTree = "<group>"; };
		744B08282C56DE17006B9993 /* Assets.xcassets */ = {isa = PBXFileReference; lastKnownFileType = folder.assetcatalog; path = Assets.xcassets; sourceTree = "<group>"; };
		744B082B2C56DE17006B9993 /* Preview Assets.xcassets */ = {isa = PBXFileReference; lastKnownFileType = folder.assetcatalog; path = "Preview Assets.xcassets"; sourceTree = "<group>"; };
		744B08312C56DE17006B9993 /* passcodeTests.xctest */ = {isa = PBXFileReference; explicitFileType = wrapper.cfbundle; includeInIndex = 0; path = passcodeTests.xctest; sourceTree = BUILT_PRODUCTS_DIR; };
		744B08352C56DE17006B9993 /* passcodeTests.swift */ = {isa = PBXFileReference; lastKnownFileType = sourcecode.swift; path = passcodeTests.swift; sourceTree = "<group>"; };
		744B083B2C56DE17006B9993 /* passcodeUITests.xctest */ = {isa = PBXFileReference; explicitFileType = wrapper.cfbundle; includeInIndex = 0; path = passcodeUITests.xctest; sourceTree = BUILT_PRODUCTS_DIR; };
		744B083F2C56DE17006B9993 /* passcodeUITests.swift */ = {isa = PBXFileReference; lastKnownFileType = sourcecode.swift; path = passcodeUITests.swift; sourceTree = "<group>"; };
		744B08412C56DE17006B9993 /* passcodeUITestsLaunchTests.swift */ = {isa = PBXFileReference; lastKnownFileType = sourcecode.swift; path = passcodeUITestsLaunchTests.swift; sourceTree = "<group>"; };
/* End PBXFileReference section */

/* Begin PBXFrameworksBuildPhase section */
		744B081E2C56DE16006B9993 /* Frameworks */ = {
			isa = PBXFrameworksBuildPhase;
			buildActionMask = 2147483647;
			files = (
			);
			runOnlyForDeploymentPostprocessing = 0;
		};
		744B082E2C56DE17006B9993 /* Frameworks */ = {
			isa = PBXFrameworksBuildPhase;
			buildActionMask = 2147483647;
			files = (
			);
			runOnlyForDeploymentPostprocessing = 0;
		};
		744B08382C56DE17006B9993 /* Frameworks */ = {
			isa = PBXFrameworksBuildPhase;
			buildActionMask = 2147483647;
			files = (
			);
			runOnlyForDeploymentPostprocessing = 0;
		};
/* End PBXFrameworksBuildPhase section */

/* Begin PBXGroup section */
		744B08182C56DE16006B9993 = {
			isa = PBXGroup;
			children = (
				744B08232C56DE16006B9993 /* passcode */,
				744B08342C56DE17006B9993 /* passcodeTests */,
				744B083E2C56DE17006B9993 /* passcodeUITests */,
				744B08222C56DE16006B9993 /* Products */,
			);
			sourceTree = "<group>";
		};
		744B08222C56DE16006B9993 /* Products */ = {
			isa = PBXGroup;
			children = (
				744B08212C56DE16006B9993 /* passcode.app */,
				744B08312C56DE17006B9993 /* passcodeTests.xctest */,
				744B083B2C56DE17006B9993 /* passcodeUITests.xctest */,
			);
			name = Products;
			sourceTree = "<group>";
		};
		744B08232C56DE16006B9993 /* passcode */ = {
			isa = PBXGroup;
			children = (
				744B08242C56DE16006B9993 /* passcodeApp.swift */,
				744B08262C56DE16006B9993 /* ContentView.swift */,
				744B08282C56DE17006B9993 /* Assets.xcassets */,
				744B082A2C56DE17006B9993 /* Preview Content */,
			);
			path = passcode;
			sourceTree = "<group>";
		};
		744B082A2C56DE17006B9993 /* Preview Content */ = {
			isa = PBXGroup;
			children = (
				744B082B2C56DE17006B9993 /* Preview Assets.xcassets */,
			);
			path = "Preview Content";
			sourceTree = "<group>";
		};
		744B08342C56DE17006B9993 /* passcodeTests */ = {
			isa = PBXGroup;
			children = (
				744B08352C56DE17006B9993 /* passcodeTests.swift */,
			);
			path = passcodeTests;
			sourceTree = "<group>";
		};
		744B083E2C56DE17006B9993 /* passcodeUITests */ = {
			isa = PBXGroup;
			children = (
				744B083F2C56DE17006B9993 /* passcodeUITests.swift */,
				744B08412C56DE17006B9993 /* passcodeUITestsLaunchTests.swift */,
			);
			path = passcodeUITests;
			sourceTree = "<group>";
		};
/* End PBXGroup section */

/* Begin PBXNativeTarget section */
		744B08202C56DE16006B9993 /* passcode */ = {
			isa = PBXNativeTarget;
			buildConfigurationList = 744B08452C56DE17006B9993 /* Build configuration list for PBXNativeTarget "passcode" */;
			buildPhases = (
				744B081D2C56DE16006B9993 /* Sources */,
				744B081E2C56DE16006B9993 /* Frameworks */,
				744B081F2C56DE16006B9993 /* Resources */,
			);
			buildRules = (
			);
			dependencies = (
			);
			name = passcode;
			productName = passcode;
			productReference = 744B08212C56DE16006B9993 /* passcode.app */;
			productType = "com.apple.product-type.application";
		};
		744B08302C56DE17006B9993 /* passcodeTests */ = {
			isa = PBXNativeTarget;
			buildConfigurationList = 744B08482C56DE17006B9993 /* Build configuration list for PBXNativeTarget "passcodeTests" */;
			buildPhases = (
				744B082D2C56DE17006B9993 /* Sources */,
				744B082E2C56DE17006B9993 /* Frameworks */,
				744B082F2C56DE17006B9993 /* Resources */,
			);
			buildRules = (
			);
			dependencies = (
				744B08332C56DE17006B9993 /* PBXTargetDependency */,
			);
			name = passcodeTests;
			productName = passcodeTests;
			productReference = 744B08312C56DE17006B9993 /* passcodeTests.xctest */;
			productType = "com.apple.product-type.bundle.unit-test";
		};
		744B083A2C56DE17006B9993 /* passcodeUITests */ = {
			isa = PBXNativeTarget;
			buildConfigurationList = 744B084B2C56DE17006B9993 /* Build configuration list for PBXNativeTarget "passcodeUITests" */;
			buildPhases = (
				744B08372C56DE17006B9993 /* Sources */,
				744B08382C56DE17006B9993 /* Frameworks */,
				744B08392C56DE17006B9993 /* Resources */,
			);
			buildRules = (
			);
			dependencies = (
				744B083D2C56DE17006B9993 /* PBXTargetDependency */,
			);
			name = passcodeUITests;
			productName = passcodeUITests;
			productReference = 744B083B2C56DE17006B9993 /* passcodeUITests.xctest */;
			productType = "com.apple.product-type.bundle.ui-testing";
		};
/* End PBXNativeTarget section */

/* Begin PBXProject section */
		744B08192C56DE16006B9993 /* Project object */ = {
			isa = PBXProject;
			attributes = {
				BuildIndependentTargetsInParallel = 1;
				LastSwiftUpdateCheck = 1540;
				LastUpgradeCheck = 1540;
				TargetAttributes = {
					744B08202C56DE16006B9993 = {
						CreatedOnToolsVersion = 15.4;
					};
					744B08302C56DE17006B9993 = {
						CreatedOnToolsVersion = 15.4;
						TestTargetID = 744B08202C56DE16006B9993;
					};
					744B083A2C56DE17006B9993 = {
						CreatedOnToolsVersion = 15.4;
						TestTargetID = 744B08202C56DE16006B9993;
					};
				};
			};
			buildConfigurationList = 744B081C2C56DE16006B9993 /* Build configuration list for PBXProject "passcode" */;
			compatibilityVersion = "Xcode 14.0";
			developmentRegion = en;
			hasScannedForEncodings = 0;
			knownRegions = (
				en,
				Base,
			);
			mainGroup = 744B08182C56DE16006B9993;
			productRefGroup = 744B08222C56DE16006B9993 /* Products */;
			projectDirPath = "";
			projectRoot = "";
			targets = (
				744B08202C56DE16006B9993 /* passcode */,
				744B08302C56DE17006B9993 /* passcodeTests */,
				744B083A2C56DE17006B9993 /* passcodeUITests */,
			);
		};
/* End PBXProject section */

/* Begin PBXResourcesBuildPhase section */
		744B081F2C56DE16006B9993 /* Resources */ = {
			isa = PBXResourcesBuildPhase;
			buildActionMask = 2147483647;
			files = (
				744B082C2C56DE17006B9993 /* Preview Assets.xcassets in Resources */,
				744B08292C56DE17006B9993 /* Assets.xcassets in Resources */,
			);
			runOnlyForDeploymentPostprocessing = 0;
		};
		744B082F2C56DE17006B9993 /* Resources */ = {
			isa = PBXResourcesBuildPhase;
			buildActionMask = 2147483647;
			files = (
			);
			runOnlyForDeploymentPostprocessing = 0;
		};
		744B08392C56DE17006B9993 /* Resources */ = {
			isa = PBXResourcesBuildPhase;
			buildActionMask = 2147483647;
			files = (
			);
			runOnlyForDeploymentPostprocessing = 0;
		};
/* End PBXResourcesBuildPhase section */

/* Begin PBXSourcesBuildPhase section */
		744B081D2C56DE16006B9993 /* Sources */ = {
			isa = PBXSourcesBuildPhase;
			buildActionMask = 2147483647;
			files = (
				744B08272C56DE16006B9993 /* ContentView.swift in Sources */,
				744B08252C56DE16006B9993 /* passcodeApp.swift in Sources */,
			);
			runOnlyForDeploymentPostprocessing = 0;
		};
		744B082D2C56DE17006B9993 /* Sources */ = {
			isa = PBXSourcesBuildPhase;
			buildActionMask = 2147483647;
			files = (
				744B08362C56DE17006B9993 /* passcodeTests.swift in Sources */,
			);
			runOnlyForDeploymentPostprocessing = 0;
		};
		744B08372C56DE17006B9993 /* Sources */ = {
			isa = PBXSourcesBuildPhase;
			buildActionMask = 2147483647;
			files = (
				744B08422C56DE17006B9993 /* passcodeUITestsLaunchTests.swift in Sources */,
				744B08402C56DE17006B9993 /* passcodeUITests.swift in Sources */,
			);
			runOnlyForDeploymentPostprocessing = 0;
		};
/* End PBXSourcesBuildPhase section */

/* Begin PBXTargetDependency section */
		744B08332C56DE17006B9993 /* PBXTargetDependency */ = {
			isa = PBXTargetDependency;
			target = 744B08202C56DE16006B9993 /* passcode */;
			targetProxy = 744B08322C56DE17006B9993 /* PBXContainerItemProxy */;
		};
		744B083D2C56DE17006B9993 /* PBXTargetDependency */ = {
			isa = PBXTargetDependency;
			target = 744B08202C56DE16006B9993 /* passcode */;
			targetProxy = 744B083C2C56DE17006B9993 /* PBXContainerItemProxy */;
		};
/* End PBXTargetDependency section */

/* Begin XCBuildConfiguration section */
		744B08432C56DE17006B9993 /* Debug */ = {
			isa = XCBuildConfiguration;
			buildSettings = {
				ALWAYS_SEARCH_USER_PATHS = NO;
				ASSETCATALOG_COMPILER_GENERATE_SWIFT_ASSET_SYMBOL_EXTENSIONS = YES;
				CLANG_ANALYZER_NONNULL = YES;
				CLANG_ANALYZER_NUMBER_OBJECT_CONVERSION = YES_AGGRESSIVE;
				CLANG_CXX_LANGUAGE_STANDARD = "gnu++20";
				CLANG_ENABLE_MODULES = YES;
				CLANG_ENABLE_OBJC_ARC = YES;
				CLANG_ENABLE_OBJC_WEAK = YES;
				CLANG_WARN_BLOCK_CAPTURE_AUTORELEASING = YES;
				CLANG_WARN_BOOL_CONVERSION = YES;
				CLANG_WARN_COMMA = YES;
				CLANG_WARN_CONSTANT_CONVERSION = YES;
				CLANG_WARN_DEPRECATED_OBJC_IMPLEMENTATIONS = YES;
				CLANG_WARN_DIRECT_OBJC_ISA_USAGE = YES_ERROR;
				CLANG_WARN_DOCUMENTATION_COMMENTS = YES;
				CLANG_WARN_EMPTY_BODY = YES;
				CLANG_WARN_ENUM_CONVERSION = YES;
				CLANG_WARN_INFINITE_RECURSION = YES;
				CLANG_WARN_INT_CONVERSION = YES;
				CLANG_WARN_NON_LITERAL_NULL_CONVERSION = YES;
				CLANG_WARN_OBJC_IMPLICIT_RETAIN_SELF = YES;
				CLANG_WARN_OBJC_LITERAL_CONVERSION = YES;
				CLANG_WARN_OBJC_ROOT_CLASS = YES_ERROR;
				CLANG_WARN_QUOTED_INCLUDE_IN_FRAMEWORK_HEADER = YES;
				CLANG_WARN_RANGE_LOOP_ANALYSIS = YES;
				CLANG_WARN_STRICT_PROTOTYPES = YES;
				CLANG_WARN_SUSPICIOUS_MOVE = YES;
				CLANG_WARN_UNGUARDED_AVAILABILITY = YES_AGGRESSIVE;
				CLANG_WARN_UNREACHABLE_CODE = YES;
				CLANG_WARN__DUPLICATE_METHOD_MATCH = YES;
				COPY_PHASE_STRIP = NO;
				DEBUG_INFORMATION_FORMAT = dwarf;
				ENABLE_STRICT_OBJC_MSGSEND = YES;
				ENABLE_TESTABILITY = YES;
				ENABLE_USER_SCRIPT_SANDBOXING = YES;
				GCC_C_LANGUAGE_STANDARD = gnu17;
				GCC_DYNAMIC_NO_PIC = NO;
				GCC_NO_COMMON_BLOCKS = YES;
				GCC_OPTIMIZATION_LEVEL = 0;
				GCC_PREPROCESSOR_DEFINITIONS = (
					"DEBUG=1",
					"$(inherited)",
				);
				GCC_WARN_64_TO_32_BIT_CONVERSION = YES;
				GCC_WARN_ABOUT_RETURN_TYPE = YES_ERROR;
				GCC_WARN_UNDECLARED_SELECTOR = YES;
				GCC_WARN_UNINITIALIZED_AUTOS = YES_AGGRESSIVE;
				GCC_WARN_UNUSED_FUNCTION = YES;
				GCC_WARN_UNUSED_VARIABLE = YES;
				IPHONEOS_DEPLOYMENT_TARGET = 17.5;
				LOCALIZATION_PREFERS_STRING_CATALOGS = YES;
				MTL_ENABLE_DEBUG_INFO = INCLUDE_SOURCE;
				MTL_FAST_MATH = YES;
				ONLY_ACTIVE_ARCH = YES;
				SDKROOT = iphoneos;
				SWIFT_ACTIVE_COMPILATION_CONDITIONS = "DEBUG $(inherited)";
				SWIFT_OPTIMIZATION_LEVEL = "-Onone";
			};
			name = Debug;
		};
		744B08442C56DE17006B9993 /* Release */ = {
			isa = XCBuildConfiguration;
			buildSettings = {
				ALWAYS_SEARCH_USER_PATHS = NO;
				ASSETCATALOG_COMPILER_GENERATE_SWIFT_ASSET_SYMBOL_EXTENSIONS = YES;
				CLANG_ANALYZER_NONNULL = YES;
				CLANG_ANALYZER_NUMBER_OBJECT_CONVERSION = YES_AGGRESSIVE;
				CLANG_CXX_LANGUAGE_STANDARD = "gnu++20";
				CLANG_ENABLE_MODULES = YES;
				CLANG_ENABLE_OBJC_ARC = YES;
				CLANG_ENABLE_OBJC_WEAK = YES;
				CLANG_WARN_BLOCK_CAPTURE_AUTORELEASING = YES;
				CLANG_WARN_BOOL_CONVERSION = YES;
				CLANG_WARN_COMMA = YES;
				CLANG_WARN_CONSTANT_CONVERSION = YES;
				CLANG_WARN_DEPRECATED_OBJC_IMPLEMENTATIONS = YES;
				CLANG_WARN_DIRECT_OBJC_ISA_USAGE = YES_ERROR;
				CLANG_WARN_DOCUMENTATION_COMMENTS = YES;
				CLANG_WARN_EMPTY_BODY = YES;
				CLANG_WARN_ENUM_CONVERSION = YES;
				CLANG_WARN_INFINITE_RECURSION = YES;
				CLANG_WARN_INT_CONVERSION = YES;
				CLANG_WARN_NON_LITERAL_NULL_CONVERSION = YES;
				CLANG_WARN_OBJC_IMPLICIT_RETAIN_SELF = YES;
				CLANG_WARN_OBJC_LITERAL_CONVERSION = YES;
				CLANG_WARN_OBJC_ROOT_CLASS = YES_ERROR;
				CLANG_WARN_QUOTED_INCLUDE_IN_FRAMEWORK_HEADER = YES;
				CLANG_WARN_RANGE_LOOP_ANALYSIS = YES;
				CLANG_WARN_STRICT_PROTOTYPES = YES;
				CLANG_WARN_SUSPICIOUS_MOVE = YES;
				CLANG_WARN_UNGUARDED_AVAILABILITY = YES_AGGRESSIVE;
				CLANG_WARN_UNREACHABLE_CODE = YES;
				CLANG_WARN__DUPLICATE_METHOD_MATCH = YES;
				COPY_PHASE_STRIP = NO;
				DEBUG_INFORMATION_FORMAT = "dwarf-with-dsym";
				ENABLE_NS_ASSERTIONS = NO;
				ENABLE_STRICT_OBJC_MSGSEND = YES;
				ENABLE_USER_SCRIPT_SANDBOXING = YES;
				GCC_C_LANGUAGE_STANDARD = gnu17;
				GCC_NO_COMMON_BLOCKS = YES;
				GCC_WARN_64_TO_32_BIT_CONVERSION = YES;
				GCC_WARN_ABOUT_RETURN_TYPE = YES_ERROR;
				GCC_WARN_UNDECLARED_SELECTOR = YES;
				GCC_WARN_UNINITIALIZED_AUTOS = YES_AGGRESSIVE;
				GCC_WARN_UNUSED_FUNCTION = YES;
				GCC_WARN_UNUSED_VARIABLE = YES;
				IPHONEOS_DEPLOYMENT_TARGET = 17.5;
				LOCALIZATION_PREFERS_STRING_CATALOGS = YES;
				MTL_ENABLE_DEBUG_INFO = NO;
				MTL_FAST_MATH = YES;
				SDKROOT = iphoneos;
				SWIFT_COMPILATION_MODE = wholemodule;
				VALIDATE_PRODUCT = YES;
			};
			name = Release;
		};
		744B08462C56DE17006B9993 /* Debug */ = {
			isa = XCBuildConfiguration;
			buildSettings = {
				ASSETCATALOG_COMPILER_APPICON_NAME = AppIcon;
				ASSETCATALOG_COMPILER_GLOBAL_ACCENT_COLOR_NAME = AccentColor;
				CODE_SIGN_STYLE = Automatic;
				CURRENT_PROJECT_VERSION = 1;
				DEVELOPMENT_ASSET_PATHS = "\"passcode/Preview Content\"";
				ENABLE_PREVIEWS = YES;
				GENERATE_INFOPLIST_FILE = YES;
				INFOPLIST_KEY_UIApplicationSceneManifest_Generation = YES;
				INFOPLIST_KEY_UIApplicationSupportsIndirectInputEvents = YES;
				INFOPLIST_KEY_UILaunchScreen_Generation = YES;
				INFOPLIST_KEY_UISupportedInterfaceOrientations_iPad = "UIInterfaceOrientationPortrait UIInterfaceOrientationPortraitUpsideDown UIInterfaceOrientationLandscapeLeft UIInterfaceOrientationLandscapeRight";
				INFOPLIST_KEY_UISupportedInterfaceOrientations_iPhone = "UIInterfaceOrientationPortrait UIInterfaceOrientationLandscapeLeft UIInterfaceOrientationLandscapeRight";
				LD_RUNPATH_SEARCH_PATHS = (
					"$(inherited)",
					"@executable_path/Frameworks",
				);
				MARKETING_VERSION = 1.0;
				PRODUCT_BUNDLE_IDENTIFIER = com.mazzocchi.passcode;
				PRODUCT_NAME = "$(TARGET_NAME)";
				SWIFT_EMIT_LOC_STRINGS = YES;
				SWIFT_VERSION = 5.0;
				TARGETED_DEVICE_FAMILY = "1,2";
			};
			name = Debug;
		};
		744B08472C56DE17006B9993 /* Release */ = {
			isa = XCBuildConfiguration;
			buildSettings = {
				ASSETCATALOG_COMPILER_APPICON_NAME = AppIcon;
				ASSETCATALOG_COMPILER_GLOBAL_ACCENT_COLOR_NAME = AccentColor;
				CODE_SIGN_STYLE = Automatic;
				CURRENT_PROJECT_VERSION = 1;
				DEVELOPMENT_ASSET_PATHS = "\"passcode/Preview Content\"";
				ENABLE_PREVIEWS = YES;
				GENERATE_INFOPLIST_FILE = YES;
				INFOPLIST_KEY_UIApplicationSceneManifest_Generation = YES;
				INFOPLIST_KEY_UIApplicationSupportsIndirectInputEvents = YES;
				INFOPLIST_KEY_UILaunchScreen_Generation = YES;
				INFOPLIST_KEY_UISupportedInterfaceOrientations_iPad = "UIInterfaceOrientationPortrait UIInterfaceOrientationPortraitUpsideDown UIInterfaceOrientationLandscapeLeft UIInterfaceOrientationLandscapeRight";
				INFOPLIST_KEY_UISupportedInterfaceOrientations_iPhone = "UIInterfaceOrientationPortrait UIInterfaceOrientationLandscapeLeft UIInterfaceOrientationLandscapeRight";
				LD_RUNPATH_SEARCH_PATHS = (
					"$(inherited)",
					"@executable_path/Frameworks",
				);
				MARKETING_VERSION = 1.0;
				PRODUCT_BUNDLE_IDENTIFIER = com.mazzocchi.passcode;
				PRODUCT_NAME = "$(TARGET_NAME)";
				SWIFT_EMIT_LOC_STRINGS = YES;
				SWIFT_VERSION = 5.0;
				TARGETED_DEVICE_FAMILY = "1,2";
			};
			name = Release;
		};
		744B08492C56DE17006B9993 /* Debug */ = {
			isa = XCBuildConfiguration;
			buildSettings = {
				ALWAYS_EMBED_SWIFT_STANDARD_LIBRARIES = YES;
				BUNDLE_LOADER = "$(TEST_HOST)";
				CODE_SIGN_STYLE = Automatic;
				CURRENT_PROJECT_VERSION = 1;
				GENERATE_INFOPLIST_FILE = YES;
				IPHONEOS_DEPLOYMENT_TARGET = 17.5;
				MARKETING_VERSION = 1.0;
				PRODUCT_BUNDLE_IDENTIFIER = com.mazzocchi.passcodeTests;
				PRODUCT_NAME = "$(TARGET_NAME)";
				SWIFT_EMIT_LOC_STRINGS = NO;
				SWIFT_VERSION = 5.0;
				TARGETED_DEVICE_FAMILY = "1,2";
				TEST_HOST = "$(BUILT_PRODUCTS_DIR)/passcode.app/$(BUNDLE_EXECUTABLE_FOLDER_PATH)/passcode";
			};
			name = Debug;
		};
		744B084A2C56DE17006B9993 /* Release */ = {
			isa = XCBuildConfiguration;
			buildSettings = {
				ALWAYS_EMBED_SWIFT_STANDARD_LIBRARIES = YES;
				BUNDLE_LOADER = "$(TEST_HOST)";
				CODE_SIGN_STYLE = Automatic;
				CURRENT_PROJECT_VERSION = 1;
				GENERATE_INFOPLIST_FILE = YES;
				IPHONEOS_DEPLOYMENT_TARGET = 17.5;
				MARKETING_VERSION = 1.0;
				PRODUCT_BUNDLE_IDENTIFIER = com.mazzocchi.passcodeTests;
				PRODUCT_NAME = "$(TARGET_NAME)";
				SWIFT_EMIT_LOC_STRINGS = NO;
				SWIFT_VERSION = 5.0;
				TARGETED_DEVICE_FAMILY = "1,2";
				TEST_HOST = "$(BUILT_PRODUCTS_DIR)/passcode.app/$(BUNDLE_EXECUTABLE_FOLDER_PATH)/passcode";
			};
			name = Release;
		};
		744B084C2C56DE17006B9993 /* Debug */ = {
			isa = XCBuildConfiguration;
			buildSettings = {
				ALWAYS_EMBED_SWIFT_STANDARD_LIBRARIES = YES;
				CODE_SIGN_STYLE = Automatic;
				CURRENT_PROJECT_VERSION = 1;
				GENERATE_INFOPLIST_FILE = YES;
				MARKETING_VERSION = 1.0;
				PRODUCT_BUNDLE_IDENTIFIER = com.mazzocchi.passcodeUITests;
				PRODUCT_NAME = "$(TARGET_NAME)";
				SWIFT_EMIT_LOC_STRINGS = NO;
				SWIFT_VERSION = 5.0;
				TARGETED_DEVICE_FAMILY = "1,2";
				TEST_TARGET_NAME = passcode;
			};
			name = Debug;
		};
		744B084D2C56DE17006B9993 /* Release */ = {
			isa = XCBuildConfiguration;
			buildSettings = {
				ALWAYS_EMBED_SWIFT_STANDARD_LIBRARIES = YES;
				CODE_SIGN_STYLE = Automatic;
				CURRENT_PROJECT_VERSION = 1;
				GENERATE_INFOPLIST_FILE = YES;
				MARKETING_VERSION = 1.0;
				PRODUCT_BUNDLE_IDENTIFIER = com.mazzocchi.passcodeUITests;
				PRODUCT_NAME = "$(TARGET_NAME)";
				SWIFT_EMIT_LOC_STRINGS = NO;
				SWIFT_VERSION = 5.0;
				TARGETED_DEVICE_FAMILY = "1,2";
				TEST_TARGET_NAME = passcode;
			};
			name = Release;
		};
/* End XCBuildConfiguration section */

/* Begin XCConfigurationList section */
		744B081C2C56DE16006B9993 /* Build configuration list for PBXProject "passcode" */ = {
			isa = XCConfigurationList;
			buildConfigurations = (
				744B08432C56DE17006B9993 /* Debug */,
				744B08442C56DE17006B9993 /* Release */,
			);
			defaultConfigurationIsVisible = 0;
			defaultConfigurationName = Release;
		};
		744B08452C56DE17006B9993 /* Build configuration list for PBXNativeTarget "passcode" */ = {
			isa = XCConfigurationList;
			buildConfigurations = (
				744B08462C56DE17006B9993 /* Debug */,
				744B08472C56DE17006B9993 /* Release */,
			);
			defaultConfigurationIsVisible = 0;
			defaultConfigurationName = Release;
		};
		744B08482C56DE17006B9993 /* Build configuration list for PBXNativeTarget "passcodeTests" */ = {
			isa = XCConfigurationList;
			buildConfigurations = (
				744B08492C56DE17006B9993 /* Debug */,
				744B084A2C56DE17006B9993 /* Release */,
			);
			defaultConfigurationIsVisible = 0;
			defaultConfigurationName = Release;
		};
		744B084B2C56DE17006B9993 /* Build configuration list for PBXNativeTarget "passcodeUITests" */ = {
			isa = XCConfigurationList;
			buildConfigurations = (
				744B084C2C56DE17006B9993 /* Debug */,
				744B084D2C56DE17006B9993 /* Release */,
			);
			defaultConfigurationIsVisible = 0;
			defaultConfigurationName = Release;
		};
/* End XCConfigurationList section */
	};
	rootObject = 744B08192C56DE16006B9993 /* Project object */;
}
